
Microsoft Visual Studio Solution File, Format Version 12.00
# Visual Studio Version 17
VisualStudioVersion = 17.7.34024.191
MinimumVisualStudioVersion = 10.0.40219.1
Project("{FAE04EC0-301F-11D3-BF4B-00C04F79EFBC}") = "Singleton", "Singelton\Singleton.csproj", "{4D7D8082-98FC-4EE9-97D8-D1C61413591A}"
EndProject
Global
	GlobalSection(SolutionConfigurationPlatforms) = preSolution
		Debug|Any CPU = Debug|Any CPU
		Release|Any CPU = Release|Any CPU
	EndGlobalSection
	GlobalSection(ProjectConfigurationPlatforms) = postSolution
		{4D7D8082-98FC-4EE9-97D8-D1C61413591A}.Debug|Any CPU.ActiveCfg = Debug|Any CPU
		{4D7D8082-98FC-4EE9-97D8-D1C61413591A}.Debug|Any CPU.Build.0 = Debug|Any CPU
		{4D7D8082-98FC-4EE9-97D8-D1C61413591A}.Release|Any CPU.ActiveCfg = Release|Any CPU
		{4D7D8082-98FC-4EE9-97D8-D1C61413591A}.Release|Any CPU.Build.0 = Release|Any CPU
	EndGlobalSection
	GlobalSection(SolutionProperties) = preSolution
		HideSolutionNode = FALSE
	EndGlobalSection
	GlobalSection(ExtensibilityGlobals) = postSolution
		SolutionGuid = {9B0930CF-952F-445B-9F56-029E4D61F1EE}
	EndGlobalSection
EndGlobal
